version = 1
revision = 3
requires-python = ">=3.14"

[[package]]
name = "attrs"
version = "26.1.0"
source = { registry = "https://pypi.org/simple" }
sdist = { url = "https://files.pythonhosted.org/packages/9a/8e/82a0fe20a541c03148528be8cac2408564a6c9a0cc7e9171802bc1d26985/attrs-26.1.0.tar.gz", hash = "sha256:d03ceb89cb322a8fd706d4fb91940737b6642aa36998fe130a9bc96c985eff32", size = 952055, upload-time = "2026-03-19T14:22:25.026Z" }
wheels = [
    { url = "https://files.pythonhosted.org/packages/64/b4/17d4b0b2a2dc85a6df63d1157e028ed19f90d4cd97c36717afef2bc2f395/attrs-26.1.0-py3-none-any.whl", hash = "sha256:c647aa4a12dfbad9333ca4e71fe62ddc36f4e63b2d260a37a8b83d2f043ac309", size = 67548, upload-time = "2026-03-19T14:22:23.645Z" },
]

[[package]]
name = "jsonschema"
version = "4.26.0"
source = { registry = "https://pypi.org/simple" }
dependencies = [
    { name = "attrs" },
    { name = "jsonschema-specifications" },
    { name = "referencing" },
    { name = "rpds-py" },
]
sdist = { url = "https://files.pythonhosted.org/packages/b3/fc/e067678238fa451312d4c62bf6e6cf5ec56375422aee02f9cb5f909b3047/jsonschema-4.26.0.tar.gz", hash = "sha256:0c26707e2efad8aa1bfc5b7ce170f3fccc2e4918ff85989ba9ffa9facb2be326", size = 366583, upload-time = "2026-01-07T13:41:07.246Z" }
wheels = [
    { url = "https://files.pythonhosted.org/packages/69/90/f63fb5873511e014207a475e2bb4e8b2e570d655b00ac19a9a0ca0a385ee/jsonschema-4.26.0-py3-none-any.whl", hash = "sha256:d489f15263b8d200f8387e64b4c3a75f06629559fb73deb8fdfb525f2dab50ce", size = 90630, upload-time = "2026-01-07T13:41:05.306Z" },
]

[[package]]
name = "jsonschema-specifications"
version = "2025.9.1"
source = { registry = "https://pypi.org/simple" }
dependencies = [
    { name = "referencing" },
]
sdist = { url = "https://files.pythonhosted.org/packages/19/74/a633ee74eb36c44aa6d1095e7cc5569bebf04342ee146178e2d36600708b/jsonschema_specifications-2025.9.1.tar.gz", hash = "sha256:b540987f239e745613c7a9176f3edb72b832a4ac465cf02712288397832b5e8d", size = 32855, upload-time = "2025-09-08T01:34:59.186Z" }
wheels = [
    { url = "https://files.pythonhosted.org/packages/41/45/1a4ed80516f02155c51f51e8cedb3c1902296743db0bbc66608a0db2814f/jsonschema_specifications-2025.9.1-py3-none-any.whl", hash = "sha256:98802fee3a11ee76ecaca44429fda8a41bff98b00a0f2838151b113f210cc6fe", size = 18437, upload-time = "2025-09-08T01:34:57.871Z" },
]

[[package]]
name = "pillow"
version = "12.2.0"
source = { registry = "https://pypi.org/simple" }
sdist = { url = "https://files.pythonhosted.org/packages/8c/21/c2bcdd5906101a30244eaffc1b6e6ce71a31bd0742a01eb89e660ebfac2d/pillow-12.2.0.tar.gz", hash = "sha256:a830b1a40919539d07806aa58e1b114df53ddd43213d9c8b75847eee6c0182b5", size = 46987819, upload-time = "2026-04-01T14:46:17.687Z" }
wheels = [
    { url = "https://files.pythonhosted.org/packages/bf/98/4595daa2365416a86cb0d495248a393dfc84e96d62ad080c8546256cb9c0/pillow-12.2.0-cp314-cp314-ios_13_0_arm64_iphoneos.whl", hash = "sha256:3adc9215e8be0448ed6e814966ecf3d9952f0ea40eb14e89a102b87f450660d8", size = 4100848, upload-time = "2026-04-01T14:44:48.48Z" },
    { url = "https://files.pythonhosted.org/packages/0b/79/40184d464cf89f6663e18dfcf7ca21aae2491fff1a16127681bf1fa9b8cf/pillow-12.2.0-cp314-cp314-ios_13_0_arm64_iphonesimulator.whl", hash = "sha256:6a9adfc6d24b10f89588096364cc726174118c62130c817c2837c60cf08a392b", size = 4176515, upload-time = "2026-04-01T14:44:51.353Z" },
    { url = "https://files.pythonhosted.org/packages/b0/63/703f86fd4c422a9cf722833670f4f71418fb116b2853ff7da722ea43f184/pillow-12.2.0-cp314-cp314-ios_13_0_x86_64_iphonesimulator.whl", hash = "sha256:6a6e67ea2e6feda684ed370f9a1c52e7a243631c025ba42149a2cc5934dec295", size = 3640159, upload-time = "2026-04-01T14:44:53.588Z" },
    { url = "https://files.pythonhosted.org/packages/71/e0/fb22f797187d0be2270f83500aab851536101b254bfa1eae10795709d283/pillow-12.2.0-cp314-cp314-macosx_10_15_x86_64.whl", hash = "sha256:2bb4a8d594eacdfc59d9e5ad972aa8afdd48d584ffd5f13a937a664c3e7db0ed", size = 5312185, upload-time = "2026-04-01T14:44:56.039Z" },
    { url = "https://files.pythonhosted.org/packages/ba/8c/1a9e46228571de18f8e28f16fabdfc20212a5d019f3e3303452b3f0a580d/pillow-12.2.0-cp314-cp314-macosx_11_0_arm64.whl", hash = "sha256:80b2da48193b2f33ed0c32c38140f9d3186583ce7d516526d462645fd98660ae", size = 4695386, upload-time = "2026-04-01T14:44:58.663Z" },
    { url = "https://files.pythonhosted.org/packages/70/62/98f6b7f0c88b9addd0e87c217ded307b36be024d4ff8869a812b241d1345/pillow-12.2.0-cp314-cp314-manylinux2014_aarch64.manylinux_2_17_aarch64.whl", hash = "sha256:22db17c68434de69d8ecfc2fe821569195c0c373b25cccb9cbdacf2c6e53c601", size = 6280384, upload-time = "2026-04-01T14:45:01.5Z" },
    { url = "https://files.pythonhosted.org/packages/5e/03/688747d2e91cfbe0e64f316cd2e8005698f76ada3130d0194664174fa5de/pillow-12.2.0-cp314-cp314-manylinux2014_x86_64.manylinux_2_17_x86_64.whl", hash = "sha256:7b14cc0106cd9aecda615dd6903840a058b4700fcb817687d0ee4fc8b6e389be", size = 8091599, upload-time = "2026-04-01T14:45:04.5Z" },
    { url = "https://files.pythonhosted.org/packages/f6/35/577e22b936fcdd66537329b33af0b4ccfefaeabd8aec04b266528cddb33c/pillow-12.2.0-cp314-cp314-manylinux_2_27_aarch64.manylinux_2_28_aarch64.whl", hash = "sha256:8cbeb542b2ebc6fcdacabf8aca8c1a97c9b3ad3927d46b8723f9d4f033288a0f", size = 6396021, upload-time = "2026-04-01T14:45:07.117Z" },
    { url = "https://files.pythonhosted.org/packages/11/8d/d2532ad2a603ca2b93ad9f5135732124e57811d0168155852f37fbce2458/pillow-12.2.0-cp314-cp314-manylinux_2_27_x86_64.manylinux_2_28_x86_64.whl", hash = "sha256:4bfd07bc812fbd20395212969e41931001fd59eb55a60658b0e5710872e95286", size = 7083360, upload-time = "2026-04-01T14:45:09.763Z" },
    { url = "https://files.pythonhosted.org/packages/5e/26/d325f9f56c7e039034897e7380e9cc202b1e368bfd04d4cbe6a441f02885/pillow-12.2.0-cp314-cp314-musllinux_1_2_aarch64.whl", hash = "sha256:9aba9a17b623ef750a4d11b742cbafffeb48a869821252b30ee21b5e91392c50", size = 6507628, upload-time = "2026-04-01T14:45:12.378Z" },
    { url = "https://files.pythonhosted.org/packages/5f/f7/769d5632ffb0988f1c5e7660b3e731e30f7f8ec4318e94d0a5d674eb65a4/pillow-12.2.0-cp314-cp314-musllinux_1_2_x86_64.whl", hash = "sha256:deede7c263feb25dba4e82ea23058a235dcc2fe1f6021025dc71f2b618e26104", size = 7209321, upload-time = "2026-04-01T14:45:15.122Z" },
    { url = "https://files.pythonhosted.org/packages/6a/7a/c253e3c645cd47f1aceea6a8bacdba9991bf45bb7dfe927f7c893e89c93c/pillow-12.2.0-cp314-cp314-win32.whl", hash = "sha256:632ff19b2778e43162304d50da0181ce24ac5bb8180122cbe1bf4673428328c7", size = 6479723, upload-time = "2026-04-01T14:45:17.797Z" },
    { url = "https://files.pythonhosted.org/packages/cd/8b/601e6566b957ca50e28725cb6c355c59c2c8609751efbecd980db44e0349/pillow-12.2.0-cp314-cp314-win_amd64.whl", hash = "sha256:4e6c62e9d237e9b65fac06857d511e90d8461a32adcc1b9065ea0c0fa3a28150", size = 7217400, upload-time = "2026-04-01T14:45:20.529Z" },
    { url = "https://files.pythonhosted.org/packages/d6/94/220e46c73065c3e2951bb91c11a1fb636c8c9ad427ac3ce7d7f3359b9b2f/pillow-12.2.0-cp314-cp314-win_arm64.whl", hash = "sha256:b1c1fbd8a5a1af3412a0810d060a78b5136ec0836c8a4ef9aa11807f2a22f4e1", size = 2554835, upload-time = "2026-04-01T14:45:23.162Z" },
    { url = "https://files.pythonhosted.org/packages/b6/ab/1b426a3974cb0e7da5c29ccff4807871d48110933a57207b5a676cccc155/pillow-12.2.0-cp314-cp314t-macosx_10_15_x86_64.whl", hash = "sha256:57850958fe9c751670e49b2cecf6294acc99e562531f4bd317fa5ddee2068463", size = 5314225, upload-time = "2026-04-01T14:45:25.637Z" },
    { url = "https://files.pythonhosted.org/packages/19/1e/dce46f371be2438eecfee2a1960ee2a243bbe5e961890146d2dee1ff0f12/pillow-12.2.0-cp314-cp314t-macosx_11_0_arm64.whl", hash = "sha256:d5d38f1411c0ed9f97bcb49b7bd59b6b7c314e0e27420e34d99d844b9ce3b6f3", size = 4698541, upload-time = "2026-04-01T14:45:28.355Z" },
    { url = "https://files.pythonhosted.org/packages/55/c3/7fbecf70adb3a0c33b77a300dc52e424dc22ad8cdc06557a2e49523b703d/pillow-12.2.0-cp314-cp314t-manylinux2014_aarch64.manylinux_2_17_aarch64.whl", hash = "sha256:5c0a9f29ca8e79f09de89293f82fc9b0270bb4af1d58bc98f540cc4aedf03166", size = 6322251, upload-time = "2026-04-01T14:45:30.924Z" },
    { url = "https://files.pythonhosted.org/packages/1c/3c/7fbc17cfb7e4fe0ef1642e0abc17fc6c94c9f7a16be41498e12e2ba60408/pillow-12.2.0-cp314-cp314t-manylinux2014_x86_64.manylinux_2_17_x86_64.whl", hash = "sha256:1610dd6c61621ae1cf811bef44d77e149ce3f7b95afe66a4512f8c59f25d9ebe", size = 8127807, upload-time = "2026-04-01T14:45:33.908Z" },
    { url = "https://files.pythonhosted.org/packages/ff/c3/a8ae14d6defd2e448493ff512fae903b1e9bd40b72efb6ec55ce0048c8ce/pillow-12.2.0-cp314-cp314t-manylinux_2_27_aarch64.manylinux_2_28_aarch64.whl", hash = "sha256:0a34329707af4f73cf1782a36cd2289c0368880654a2c11f027bcee9052d35dd", size = 6433935, upload-time = "2026-04-01T14:45:36.623Z" },
    { url = "https://files.pythonhosted.org/packages/6e/32/2880fb3a074847ac159d8f902cb43278a61e85f681661e7419e6596803ed/pillow-12.2.0-cp314-cp314t-manylinux_2_27_x86_64.manylinux_2_28_x86_64.whl", hash = "sha256:8e9c4f5b3c546fa3458a29ab22646c1c6c787ea8f5ef51300e5a60300736905e", size = 7116720, upload-time = "2026-04-01T14:45:39.258Z" },
    { url = "https://files.pythonhosted.org/packages/46/87/495cc9c30e0129501643f24d320076f4cc54f718341df18cc70ec94c44e1/pillow-12.2.0-cp314-cp314t-musllinux_1_2_aarch64.whl", hash = "sha256:fb043ee2f06b41473269765c2feae53fc2e2fbf96e5e22ca94fb5ad677856f06", size = 6540498, upload-time = "2026-04-01T14:45:41.879Z" },
    { url = "https://files.pythonhosted.org/packages/18/53/773f5edca692009d883a72211b60fdaf8871cbef075eaa9d577f0a2f989e/pillow-12.2.0-cp314-cp314t-musllinux_1_2_x86_64.whl", hash = "sha256:f278f034eb75b4e8a13a54a876cc4a5ab39173d2cdd93a638e1b467fc545ac43", size = 7239413, upload-time = "2026-04-01T14:45:44.705Z" },
    { url = "https://files.pythonhosted.org/packages/c9/e4/4b64a97d71b2a83158134abbb2f5bd3f8a2ea691361282f010998f339ec7/pillow-12.2.0-cp314-cp314t-win32.whl", hash = "sha256:6bb77b2dcb06b20f9f4b4a8454caa581cd4dd0643a08bacf821216a16d9c8354", size = 6482084, upload-time = "2026-04-01T14:45:47.568Z" },
    { url = "https://files.pythonhosted.org/packages/ba/13/306d275efd3a3453f72114b7431c877d10b1154014c1ebbedd067770d629/pillow-12.2.0-cp314-cp314t-win_amd64.whl", hash = "sha256:6562ace0d3fb5f20ed7290f1f929cae41b25ae29528f2af1722966a0a02e2aa1", size = 7225152, upload-time = "2026-04-01T14:45:50.032Z" },
    { url = "https://files.pythonhosted.org/packages/ff/6e/cf826fae916b8658848d7b9f38d88da6396895c676e8086fc0988073aaf8/pillow-12.2.0-cp314-cp314t-win_arm64.whl", hash = "sha256:aa88ccfe4e32d362816319ed727a004423aab09c5cea43c01a4b435643fa34eb", size = 2556579, upload-time = "2026-04-01T14:45:52.529Z" },
]

[[package]]
name = "referencing"
version = "0.37.0"
source = { registry = "https://pypi.org/simple" }
dependencies = [
    { name = "attrs" },
    { name = "rpds-py" },
]
sdist = { url = "https://files.pythonhosted.org/packages/22/f5/df4e9027acead3ecc63e50fe1e36aca1523e1719559c499951bb4b53188f/referencing-0.37.0.tar.gz", hash = "sha256:44aefc3142c5b842538163acb373e24cce6632bd54bdb01b21ad5863489f50d8", size = 78036, upload-time = "2025-10-13T15:30:48.871Z" }
wheels = [
    { url = "https://files.pythonhosted.org/packages/2c/58/ca301544e1fa93ed4f80d724bf5b194f6e4b945841c5bfd555878eea9fcb/referencing-0.37.0-py3-none-any.whl", hash = "sha256:381329a9f99628c9069361716891d34ad94af76e461dcb0335825aecc7692231", size = 26766, upload-time = "2025-10-13T15:30:47.625Z" },
]

[[package]]
name = "rpds-py"
version = "0.30.0"
source = { registry = "https://pypi.org/simple" }
sdist = { url = "https://files.pythonhosted.org/packages/20/af/3f2f423103f1113b36230496629986e0ef7e199d2aa8392452b484b38ced/rpds_py-0.30.0.tar.gz", hash = "sha256:dd8ff7cf90014af0c0f787eea34794ebf6415242ee1d6fa91eaba725cc441e84", size = 69469, upload-time = "2025-11-30T20:24:38.837Z" }
wheels = [
    { url = "https://files.pythonhosted.org/packages/86/81/dad16382ebbd3d0e0328776d8fd7ca94220e4fa0798d1dc5e7da48cb3201/rpds_py-0.30.0-cp314-cp314-macosx_10_12_x86_64.whl", hash = "sha256:68f19c879420aa08f61203801423f6cd5ac5f0ac4ac82a2368a9fcd6a9a075e0", size = 362099, upload-time = "2025-11-30T20:23:27.316Z" },
    { url = "https://files.pythonhosted.org/packages/2b/60/19f7884db5d5603edf3c6bce35408f45ad3e97e10007df0e17dd57af18f8/rpds_py-0.30.0-cp314-cp314-macosx_11_0_arm64.whl", hash = "sha256:ec7c4490c672c1a0389d319b3a9cfcd098dcdc4783991553c332a15acf7249be", size = 353192, upload-time = "2025-11-30T20:23:29.151Z" },
    { url = "https://files.pythonhosted.org/packages/bf/c4/76eb0e1e72d1a9c4703c69607cec123c29028bff28ce41588792417098ac/rpds_py-0.30.0-cp314-cp314-manylinux_2_17_aarch64.manylinux2014_aarch64.whl", hash = "sha256:f251c812357a3fed308d684a5079ddfb9d933860fc6de89f2b7ab00da481e65f", size = 384080, upload-time = "2025-11-30T20:23:30.785Z" },
    { url = "https://files.pythonhosted.org/packages/72/87/87ea665e92f3298d1b26d78814721dc39ed8d2c74b86e83348d6b48a6f31/rpds_py-0.30.0-cp314-cp314-manylinux_2_17_armv7l.manylinux2014_armv7l.whl", hash = "sha256:ac98b175585ecf4c0348fd7b29c3864bda53b805c773cbf7bfdaffc8070c976f", size = 394841, upload-time = "2025-11-30T20:23:32.209Z" },
    { url = "https://files.pythonhosted.org/packages/77/ad/7783a89ca0587c15dcbf139b4a8364a872a25f861bdb88ed99f9b0dec985/rpds_py-0.30.0-cp314-cp314-manylinux_2_17_ppc64le.manylinux2014_ppc64le.whl", hash = "sha256:3e62880792319dbeb7eb866547f2e35973289e7d5696c6e295476448f5b63c87", size = 516670, upload-time = "2025-11-30T20:23:33.742Z" },
    { url = "https://files.pythonhosted.org/packages/5b/3c/2882bdac942bd2172f3da574eab16f309ae10a3925644e969536553cb4ee/rpds_py-0.30.0-cp314-cp314-manylinux_2_17_s390x.manylinux2014_s390x.whl", hash = "sha256:4e7fc54e0900ab35d041b0601431b0a0eb495f0851a0639b6ef90f7741b39a18", size = 408005, upload-time = "2025-11-30T20:23:35.253Z" },
    { url = "https://files.pythonhosted.org/packages/ce/81/9a91c0111ce1758c92516a3e44776920b579d9a7c09b2b06b642d4de3f0f/rpds_py-0.30.0-cp314-cp314-manylinux_2_17_x86_64.manylinux2014_x86_64.whl", hash = "sha256:47e77dc9822d3ad616c3d5759ea5631a75e5809d5a28707744ef79d7a1bcfcad", size = 382112, upload-time = "2025-11-30T20:23:36.842Z" },
    { url = "https://files.pythonhosted.org/packages/cf/8e/1da49d4a107027e5fbc64daeab96a0706361a2918da10cb41769244b805d/rpds_py-0.30.0-cp314-cp314-manylinux_2_31_riscv64.whl", hash = "sha256:b4dc1a6ff022ff85ecafef7979a2c6eb423430e05f1165d6688234e62ba99a07", size = 399049, upload-time = "2025-11-30T20:23:38.343Z" },
    { url = "https://files.pythonhosted.org/packages/df/5a/7ee239b1aa48a127570ec03becbb29c9d5a9eb092febbd1699d567cae859/rpds_py-0.30.0-cp314-cp314-manylinux_2_5_i686.manylinux1_i686.whl", hash = "sha256:4559c972db3a360808309e06a74628b95eaccbf961c335c8fe0d590cf587456f", size = 415661, upload-time = "2025-11-30T20:23:40.263Z" },
    { url = "https://files.pythonhosted.org/packages/70/ea/caa143cf6b772f823bc7929a45da1fa83569ee49b11d18d0ada7f5ee6fd6/rpds_py-0.30.0-cp314-cp314-musllinux_1_2_aarch64.whl", hash = "sha256:0ed177ed9bded28f8deb6ab40c183cd1192aa0de40c12f38be4d59cd33cb5c65", size = 565606, upload-time = "2025-11-30T20:23:42.186Z" },
    { url = "https://files.pythonhosted.org/packages/64/91/ac20ba2d69303f961ad8cf55bf7dbdb4763f627291ba3d0d7d67333cced9/rpds_py-0.30.0-cp314-cp314-musllinux_1_2_i686.whl", hash = "sha256:ad1fa8db769b76ea911cb4e10f049d80bf518c104f15b3edb2371cc65375c46f", size = 591126, upload-time = "2025-11-30T20:23:44.086Z" },
    { url = "https://files.pythonhosted.org/packages/21/20/7ff5f3c8b00c8a95f75985128c26ba44503fb35b8e0259d812766ea966c7/rpds_py-0.30.0-cp314-cp314-musllinux_1_2_x86_64.whl", hash = "sha256:46e83c697b1f1c72b50e5ee5adb4353eef7406fb3f2043d64c33f20ad1c2fc53", size = 553371, upload-time = "2025-11-30T20:23:46.004Z" },
    { url = "https://files.pythonhosted.org/packages/72/c7/81dadd7b27c8ee391c132a6b192111ca58d866577ce2d9b0ca157552cce0/rpds_py-0.30.0-cp314-cp314-win32.whl", hash = "sha256:ee454b2a007d57363c2dfd5b6ca4a5d7e2c518938f8ed3b706e37e5d470801ed", size = 215298, upload-time = "2025-11-30T20:23:47.696Z" },
    { url = "https://files.pythonhosted.org/packages/3e/d2/1aaac33287e8cfb07aab2e6b8ac1deca62f6f65411344f1433c55e6f3eb8/rpds_py-0.30.0-cp314-cp314-win_amd64.whl", hash = "sha256:95f0802447ac2d10bcc69f6dc28fe95fdf17940367b21d34e34c737870758950", size = 228604, upload-time = "2025-11-30T20:23:49.501Z" },
    { url = "https://files.pythonhosted.org/packages/e8/95/ab005315818cc519ad074cb7784dae60d939163108bd2b394e60dc7b5461/rpds_py-0.30.0-cp314-cp314-win_arm64.whl", hash = "sha256:613aa4771c99f03346e54c3f038e4cc574ac09a3ddfb0e8878487335e96dead6", size = 222391, upload-time = "2025-11-30T20:23:50.96Z" },
    { url = "https://files.pythonhosted.org/packages/9e/68/154fe0194d83b973cdedcdcc88947a2752411165930182ae41d983dcefa6/rpds_py-0.30.0-cp314-cp314t-macosx_10_12_x86_64.whl", hash = "sha256:7e6ecfcb62edfd632e56983964e6884851786443739dbfe3582947e87274f7cb", size = 364868, upload-time = "2025-11-30T20:23:52.494Z" },
    { url = "https://files.pythonhosted.org/packages/83/69/8bbc8b07ec854d92a8b75668c24d2abcb1719ebf890f5604c61c9369a16f/rpds_py-0.30.0-cp314-cp314t-macosx_11_0_arm64.whl", hash = "sha256:a1d0bc22a7cdc173fedebb73ef81e07faef93692b8c1ad3733b67e31e1b6e1b8", size = 353747, upload-time = "2025-11-30T20:23:54.036Z" },
    { url = "https://files.pythonhosted.org/packages/ab/00/ba2e50183dbd9abcce9497fa5149c62b4ff3e22d338a30d690f9af970561/rpds_py-0.30.0-cp314-cp314t-manylinux_2_17_aarch64.manylinux2014_aarch64.whl", hash = "sha256:0d08f00679177226c4cb8c5265012eea897c8ca3b93f429e546600c971bcbae7", size = 383795, upload-time = "2025-11-30T20:23:55.556Z" },
    { url = "https://files.pythonhosted.org/packages/05/6f/86f0272b84926bcb0e4c972262f54223e8ecc556b3224d281e6598fc9268/rpds_py-0.30.0-cp314-cp314t-manylinux_2_17_armv7l.manylinux2014_armv7l.whl", hash = "sha256:5965af57d5848192c13534f90f9dd16464f3c37aaf166cc1da1cae1fd5a34898", size = 393330, upload-time = "2025-11-30T20:23:57.033Z" },
    { url = "https://files.pythonhosted.org/packages/cb/e9/0e02bb2e6dc63d212641da45df2b0bf29699d01715913e0d0f017ee29438/rpds_py-0.30.0-cp314-cp314t-manylinux_2_17_ppc64le.manylinux2014_ppc64le.whl", hash = "sha256:9a4e86e34e9ab6b667c27f3211ca48f73dba7cd3d90f8d5b11be56e5dbc3fb4e", size = 518194, upload-time = "2025-11-30T20:23:58.637Z" },
    { url = "https://files.pythonhosted.org/packages/ee/ca/be7bca14cf21513bdf9c0606aba17d1f389ea2b6987035eb4f62bd923f25/rpds_py-0.30.0-cp314-cp314t-manylinux_2_17_s390x.manylinux2014_s390x.whl", hash = "sha256:e5d3e6b26f2c785d65cc25ef1e5267ccbe1b069c5c21b8cc724efee290554419", size = 408340, upload-time = "2025-11-30T20:24:00.2Z" },
    { url = "https://files.pythonhosted.org/packages/c2/c7/736e00ebf39ed81d75544c0da6ef7b0998f8201b369acf842f9a90dc8fce/rpds_py-0.30.0-cp314-cp314t-manylinux_2_17_x86_64.manylinux2014_x86_64.whl", hash = "sha256:626a7433c34566535b6e56a1b39a7b17ba961e97ce3b80ec62e6f1312c025551", size = 383765, upload-time = "2025-11-30T20:24:01.759Z" },
    { url = "https://files.pythonhosted.org/packages/4a/3f/da50dfde9956aaf365c4adc9533b100008ed31aea635f2b8d7b627e25b49/rpds_py-0.30.0-cp314-cp314t-manylinux_2_31_riscv64.whl", hash = "sha256:acd7eb3f4471577b9b5a41baf02a978e8bdeb08b4b355273994f8b87032000a8", size = 396834, upload-time = "2025-11-30T20:24:03.687Z" },
    { url = "https://files.pythonhosted.org/packages/4e/00/34bcc2565b6020eab2623349efbdec810676ad571995911f1abdae62a3a0/rpds_py-0.30.0-cp314-cp314t-manylinux_2_5_i686.manylinux1_i686.whl", hash = "sha256:fe5fa731a1fa8a0a56b0977413f8cacac1768dad38d16b3a296712709476fbd5", size = 415470, upload-time = "2025-11-30T20:24:05.232Z" },
    { url = "https://files.pythonhosted.org/packages/8c/28/882e72b5b3e6f718d5453bd4d0d9cf8df36fddeb4ddbbab17869d5868616/rpds_py-0.30.0-cp314-cp314t-musllinux_1_2_aarch64.whl", hash = "sha256:74a3243a411126362712ee1524dfc90c650a503502f135d54d1b352bd01f2404", size = 565630, upload-time = "2025-11-30T20:24:06.878Z" },
    { url = "https://files.pythonhosted.org/packages/3b/97/04a65539c17692de5b85c6e293520fd01317fd878ea1995f0367d4532fb1/rpds_py-0.30.0-cp314-cp314t-musllinux_1_2_i686.whl", hash = "sha256:3e8eeb0544f2eb0d2581774be4c3410356eba189529a6b3e36bbbf9696175856", size = 591148, upload-time = "2025-11-30T20:24:08.445Z" },
    { url = "https://files.pythonhosted.org/packages/85/70/92482ccffb96f5441aab93e26c4d66489eb599efdcf96fad90c14bbfb976/rpds_py-0.30.0-cp314-cp314t-musllinux_1_2_x86_64.whl", hash = "sha256:dbd936cde57abfee19ab3213cf9c26be06d60750e60a8e4dd85d1ab12c8b1f40", size = 556030, upload-time = "2025-11-30T20:24:10.956Z" },
    { url = "https://files.pythonhosted.org/packages/20/53/7c7e784abfa500a2b6b583b147ee4bb5a2b3747a9166bab52fec4b5b5e7d/rpds_py-0.30.0-cp314-cp314t-win32.whl", hash = "sha256:dc824125c72246d924f7f796b4f63c1e9dc810c7d9e2355864b3c3a73d59ade0", size = 211570, upload-time = "2025-11-30T20:24:12.735Z" },
    { url = "https://files.pythonhosted.org/packages/d0/02/fa464cdfbe6b26e0600b62c528b72d8608f5cc49f96b8d6e38c95d60c676/rpds_py-0.30.0-cp314-cp314t-win_amd64.whl", hash = "sha256:27f4b0e92de5bfbc6f86e43959e6edd1425c33b5e69aab0984a72047f2bcf1e3", size = 226532, upload-time = "2025-11-30T20:24:14.634Z" },
]

[[package]]
name = "tierlistbuilder-seed-pipeline"
version = "0.1.0"
source = { editable = "." }
dependencies = [
    { name = "jsonschema" },
    { name = "pillow" },
]

[package.metadata]
requires-dist = [
    { name = "jsonschema", specifier = ">=4.22" },
    { name = "pillow", specifier = ">=10.0" },
]
